
Microsoft Visual Studio Solution File, Format Version 12.00
# Visual Studio Version 17
VisualStudioVersion = 17.2.32519.379
MinimumVisualStudioVersion = 10.0.40219.1
Project("{FAE04EC0-301F-11D3-BF4B-00C04F79EFBC}") = "DesafioCollatz", "DesafioCollatz\DesafioCollatz.csproj", "{C445FDDD-377B-498A-B181-BD1A6B87CD13}"
EndProject
Global
	GlobalSection(SolutionConfigurationPlatforms) = preSolution
		Debug|Any CPU = Debug|Any CPU
		Release|Any CPU = Release|Any CPU
	EndGlobalSection
	GlobalSection(ProjectConfigurationPlatforms) = postSolution
		{C445FDDD-377B-498A-B181-BD1A6B87CD13}.Debug|Any CPU.ActiveCfg = Debug|Any CPU
		{C445FDDD-377B-498A-B181-BD1A6B87CD13}.Debug|Any CPU.Build.0 = Debug|Any CPU
		{C445FDDD-377B-498A-B181-BD1A6B87CD13}.Release|Any CPU.ActiveCfg = Release|Any CPU
		{C445FDDD-377B-498A-B181-BD1A6B87CD13}.Release|Any CPU.Build.0 = Release|Any CPU
	EndGlobalSection
	GlobalSection(SolutionProperties) = preSolution
		HideSolutionNode = FALSE
	EndGlobalSection
	GlobalSection(ExtensibilityGlobals) = postSolution
		SolutionGuid = {F4CCD1F3-93D5-4476-9661-1291A303F9B4}
	EndGlobalSection
EndGlobal
